<?xml version="1.0" encoding="utf-8"?>
<Project ToolsVersion="4.0" xmlns="http://schemas.microsoft.com/developer/msbuild/2003">
  <ItemGroup>
    <Filter Include="GameObjects">
      <UniqueIdentifier>{09AE9FEC-7563-18E2-FE57-12B96A0C0FE6}</UniqueIdentifier>
    </Filter>
    <Filter Include="GameObjects\Player">
      <UniqueIdentifier>{05DB2795-F1BE-E8EA-5A1F-E33D4622D36C}</UniqueIdentifier>
    </Filter>
  </ItemGroup>
  <ItemGroup>
    <ClInclude Include="src\GameObjects\Player\Player.h">
      <Filter>GameObjects\Player</Filter>
    </ClInclude>
    <ClInclude Include="src\GameObjects\Player\PlayerCamera.h">
      <Filter>GameObjects\Player</Filter>
    </ClInclude>
    <ClInclude Include="src\GameObjects\Common\Wall.h" />
  </ItemGroup>
  <ItemGroup>
    <ClCompile Include="src\GameObjects\Player\Player.cpp">
      <Filter>GameObjects\Player</Filter>
    </ClCompile>
    <ClCompile Include="src\main.cpp" />
  </ItemGroup>
</Project>